
Microsoft Visual Studio Solution File, Format Version 12.00
# Visual Studio 15
VisualStudioVersion = 15.0.26403.7
MinimumVisualStudioVersion = 10.0.40219.1
Project("{FAE04EC0-301F-11D3-BF4B-00C04F79EFBC}") = "DAL", "DAL\DAL.csproj", "{642307D9-D97C-49D4-A4ED-988729A11A47}"
EndProject
Project("{FAE04EC0-301F-11D3-BF4B-00C04F79EFBC}") = "SAL", "SAL\SAL.csproj", "{A4631E31-6513-4D48-B5B1-B5A9EBA9AA0D}"
EndProject
Project("{FAE04EC0-301F-11D3-BF4B-00C04F79EFBC}") = "BLL", "BLL\BLL.csproj", "{7990E48E-FC38-40EC-8366-E063D546B4AB}"
EndProject
Project("{FAE04EC0-301F-11D3-BF4B-00C04F79EFBC}") = "AndroidApp", "AndroidApp\AndroidApp.csproj", "{A499D4B1-0764-4ED6-9797-39B16817EBD9}"
EndProject
Project("{FAE04EC0-301F-11D3-BF4B-00C04F79EFBC}") = "iOSApp", "iOSApp\iOSApp.csproj", "{3CE15BBB-AFDD-4163-84FE-5CF8BBDD8008}"
EndProject
Project("{FAE04EC0-301F-11D3-BF4B-00C04F79EFBC}") = "App1", "App1\App1.csproj", "{AB655E78-8730-4C9C-A7F8-D01D1BBC487C}"
EndProject
Global
	GlobalSection(SolutionConfigurationPlatforms) = preSolution
		Ad-Hoc|Any CPU = Ad-Hoc|Any CPU
		Ad-Hoc|iPhone = Ad-Hoc|iPhone
		Ad-Hoc|iPhoneSimulator = Ad-Hoc|iPhoneSimulator
		AppStore|Any CPU = AppStore|Any CPU
		AppStore|iPhone = AppStore|iPhone
		AppStore|iPhoneSimulator = AppStore|iPhoneSimulator
		Debug|Any CPU = Debug|Any CPU
		Debug|iPhone = Debug|iPhone
		Debug|iPhoneSimulator = Debug|iPhoneSimulator
		Release|Any CPU = Release|Any CPU
		Release|iPhone = Release|iPhone
		Release|iPhoneSimulator = Release|iPhoneSimulator
	EndGlobalSection
	GlobalSection(ProjectConfigurationPlatforms) = postSolution
		{642307D9-D97C-49D4-A4ED-988729A11A47}.Ad-Hoc|Any CPU.ActiveCfg = Debug|Any CPU
		{642307D9-D97C-49D4-A4ED-988729A11A47}.Ad-Hoc|Any CPU.Build.0 = Debug|Any CPU
		{642307D9-D97C-49D4-A4ED-988729A11A47}.Ad-Hoc|iPhone.ActiveCfg = Debug|Any CPU
		{642307D9-D97C-49D4-A4ED-988729A11A47}.Ad-Hoc|iPhone.Build.0 = Debug|Any CPU
		{642307D9-D97C-49D4-A4ED-988729A11A47}.Ad-Hoc|iPhoneSimulator.ActiveCfg = Debug|Any CPU
		{642307D9-D97C-49D4-A4ED-988729A11A47}.Ad-Hoc|iPhoneSimulator.Build.0 = Debug|Any CPU
		{642307D9-D97C-49D4-A4ED-988729A11A47}.AppStore|Any CPU.ActiveCfg = Debug|Any CPU
		{642307D9-D97C-49D4-A4ED-988729A11A47}.AppStore|Any CPU.Build.0 = Debug|Any CPU
		{642307D9-D97C-49D4-A4ED-988729A11A47}.AppStore|iPhone.ActiveCfg = Debug|Any CPU
		{642307D9-D97C-49D4-A4ED-988729A11A47}.AppStore|iPhone.Build.0 = Debug|Any CPU
		{642307D9-D97C-49D4-A4ED-988729A11A47}.AppStore|iPhoneSimulator.ActiveCfg = Debug|Any CPU
		{642307D9-D97C-49D4-A4ED-988729A11A47}.AppStore|iPhoneSimulator.Build.0 = Debug|Any CPU
		{642307D9-D97C-49D4-A4ED-988729A11A47}.Debug|Any CPU.ActiveCfg = Debug|Any CPU
		{642307D9-D97C-49D4-A4ED-988729A11A47}.Debug|Any CPU.Build.0 = Debug|Any CPU
		{642307D9-D97C-49D4-A4ED-988729A11A47}.Debug|iPhone.ActiveCfg = Debug|Any CPU
		{642307D9-D97C-49D4-A4ED-988729A11A47}.Debug|iPhone.Build.0 = Debug|Any CPU
		{642307D9-D97C-49D4-A4ED-988729A11A47}.Debug|iPhoneSimulator.ActiveCfg = Debug|Any CPU
		{642307D9-D97C-49D4-A4ED-988729A11A47}.Debug|iPhoneSimulator.Build.0 = Debug|Any CPU
		{642307D9-D97C-49D4-A4ED-988729A11A47}.Release|Any CPU.ActiveCfg = Release|Any CPU
		{642307D9-D97C-49D4-A4ED-988729A11A47}.Release|Any CPU.Build.0 = Release|Any CPU
		{642307D9-D97C-49D4-A4ED-988729A11A47}.Release|iPhone.ActiveCfg = Release|Any CPU
		{642307D9-D97C-49D4-A4ED-988729A11A47}.Release|iPhone.Build.0 = Release|Any CPU
		{642307D9-D97C-49D4-A4ED-988729A11A47}.Release|iPhoneSimulator.ActiveCfg = Release|Any CPU
		{642307D9-D97C-49D4-A4ED-988729A11A47}.Release|iPhoneSimulator.Build.0 = Release|Any CPU
		{A4631E31-6513-4D48-B5B1-B5A9EBA9AA0D}.Ad-Hoc|Any CPU.ActiveCfg = Debug|Any CPU
		{A4631E31-6513-4D48-B5B1-B5A9EBA9AA0D}.Ad-Hoc|Any CPU.Build.0 = Debug|Any CPU
		{A4631E31-6513-4D48-B5B1-B5A9EBA9AA0D}.Ad-Hoc|iPhone.ActiveCfg = Debug|Any CPU
		{A4631E31-6513-4D48-B5B1-B5A9EBA9AA0D}.Ad-Hoc|iPhone.Build.0 = Debug|Any CPU
		{A4631E31-6513-4D48-B5B1-B5A9EBA9AA0D}.Ad-Hoc|iPhoneSimulator.ActiveCfg = Debug|Any CPU
		{A4631E31-6513-4D48-B5B1-B5A9EBA9AA0D}.Ad-Hoc|iPhoneSimulator.Build.0 = Debug|Any CPU
		{A4631E31-6513-4D48-B5B1-B5A9EBA9AA0D}.AppStore|Any CPU.ActiveCfg = Debug|Any CPU
		{A4631E31-6513-4D48-B5B1-B5A9EBA9AA0D}.AppStore|Any CPU.Build.0 = Debug|Any CPU
		{A4631E31-6513-4D48-B5B1-B5A9EBA9AA0D}.AppStore|iPhone.ActiveCfg = Debug|Any CPU
		{A4631E31-6513-4D48-B5B1-B5A9EBA9AA0D}.AppStore|iPhone.Build.0 = Debug|Any CPU
		{A4631E31-6513-4D48-B5B1-B5A9EBA9AA0D}.AppStore|iPhoneSimulator.ActiveCfg = Debug|Any CPU
		{A4631E31-6513-4D48-B5B1-B5A9EBA9AA0D}.AppStore|iPhoneSimulator.Build.0 = Debug|Any CPU
		{A4631E31-6513-4D48-B5B1-B5A9EBA9AA0D}.Debug|Any CPU.ActiveCfg = Debug|Any CPU
		{A4631E31-6513-4D48-B5B1-B5A9EBA9AA0D}.Debug|Any CPU.Build.0 = Debug|Any CPU
		{A4631E31-6513-4D48-B5B1-B5A9EBA9AA0D}.Debug|iPhone.ActiveCfg = Debug|Any CPU
		{A4631E31-6513-4D48-B5B1-B5A9EBA9AA0D}.Debug|iPhone.Build.0 = Debug|Any CPU
		{A4631E31-6513-4D48-B5B1-B5A9EBA9AA0D}.Debug|iPhoneSimulator.ActiveCfg = Debug|Any CPU
		{A4631E31-6513-4D48-B5B1-B5A9EBA9AA0D}.Debug|iPhoneSimulator.Build.0 = Debug|Any CPU
		{A4631E31-6513-4D48-B5B1-B5A9EBA9AA0D}.Release|Any CPU.ActiveCfg = Release|Any CPU
		{A4631E31-6513-4D48-B5B1-B5A9EBA9AA0D}.Release|Any CPU.Build.0 = Release|Any CPU
		{A4631E31-6513-4D48-B5B1-B5A9EBA9AA0D}.Release|iPhone.ActiveCfg = Release|Any CPU
		{A4631E31-6513-4D48-B5B1-B5A9EBA9AA0D}.Release|iPhone.Build.0 = Release|Any CPU
		{A4631E31-6513-4D48-B5B1-B5A9EBA9AA0D}.Release|iPhoneSimulator.ActiveCfg = Release|Any CPU
		{A4631E31-6513-4D48-B5B1-B5A9EBA9AA0D}.Release|iPhoneSimulator.Build.0 = Release|Any CPU
		{7990E48E-FC38-40EC-8366-E063D546B4AB}.Ad-Hoc|Any CPU.ActiveCfg = Debug|Any CPU
		{7990E48E-FC38-40EC-8366-E063D546B4AB}.Ad-Hoc|Any CPU.Build.0 = Debug|Any CPU
		{7990E48E-FC38-40EC-8366-E063D546B4AB}.Ad-Hoc|iPhone.ActiveCfg = Debug|Any CPU
		{7990E48E-FC38-40EC-8366-E063D546B4AB}.Ad-Hoc|iPhone.Build.0 = Debug|Any CPU
		{7990E48E-FC38-40EC-8366-E063D546B4AB}.Ad-Hoc|iPhoneSimulator.ActiveCfg = Debug|Any CPU
		{7990E48E-FC38-40EC-8366-E063D546B4AB}.Ad-Hoc|iPhoneSimulator.Build.0 = Debug|Any CPU
		{7990E48E-FC38-40EC-8366-E063D546B4AB}.AppStore|Any CPU.ActiveCfg = Debug|Any CPU
		{7990E48E-FC38-40EC-8366-E063D546B4AB}.AppStore|Any CPU.Build.0 = Debug|Any CPU
		{7990E48E-FC38-40EC-8366-E063D546B4AB}.AppStore|iPhone.ActiveCfg = Debug|Any CPU
		{7990E48E-FC38-40EC-8366-E063D546B4AB}.AppStore|iPhone.Build.0 = Debug|Any CPU
		{7990E48E-FC38-40EC-8366-E063D546B4AB}.AppStore|iPhoneSimulator.ActiveCfg = Debug|Any CPU
		{7990E48E-FC38-40EC-8366-E063D546B4AB}.AppStore|iPhoneSimulator.Build.0 = Debug|Any CPU
		{7990E48E-FC38-40EC-8366-E063D546B4AB}.Debug|Any CPU.ActiveCfg = Debug|Any CPU
		{7990E48E-FC38-40EC-8366-E063D546B4AB}.Debug|Any CPU.Build.0 = Debug|Any CPU
		{7990E48E-FC38-40EC-8366-E063D546B4AB}.Debug|iPhone.ActiveCfg = Debug|Any CPU
		{7990E48E-FC38-40EC-8366-E063D546B4AB}.Debug|iPhone.Build.0 = Debug|Any CPU
		{7990E48E-FC38-40EC-8366-E063D546B4AB}.Debug|iPhoneSimulator.ActiveCfg = Debug|Any CPU
		{7990E48E-FC38-40EC-8366-E063D546B4AB}.Debug|iPhoneSimulator.Build.0 = Debug|Any CPU
		{7990E48E-FC38-40EC-8366-E063D546B4AB}.Release|Any CPU.ActiveCfg = Release|Any CPU
		{7990E48E-FC38-40EC-8366-E063D546B4AB}.Release|Any CPU.Build.0 = Release|Any CPU
		{7990E48E-FC38-40EC-8366-E063D546B4AB}.Release|iPhone.ActiveCfg = Release|Any CPU
		{7990E48E-FC38-40EC-8366-E063D546B4AB}.Release|iPhone.Build.0 = Release|Any CPU
		{7990E48E-FC38-40EC-8366-E063D546B4AB}.Release|iPhoneSimulator.ActiveCfg = Release|Any CPU
		{7990E48E-FC38-40EC-8366-E063D546B4AB}.Release|iPhoneSimulator.Build.0 = Release|Any CPU
		{A499D4B1-0764-4ED6-9797-39B16817EBD9}.Ad-Hoc|Any CPU.ActiveCfg = Release|Any CPU
		{A499D4B1-0764-4ED6-9797-39B16817EBD9}.Ad-Hoc|Any CPU.Build.0 = Release|Any CPU
		{A499D4B1-0764-4ED6-9797-39B16817EBD9}.Ad-Hoc|Any CPU.Deploy.0 = Release|Any CPU
		{A499D4B1-0764-4ED6-9797-39B16817EBD9}.Ad-Hoc|iPhone.ActiveCfg = Release|Any CPU
		{A499D4B1-0764-4ED6-9797-39B16817EBD9}.Ad-Hoc|iPhone.Build.0 = Release|Any CPU
		{A499D4B1-0764-4ED6-9797-39B16817EBD9}.Ad-Hoc|iPhone.Deploy.0 = Release|Any CPU
		{A499D4B1-0764-4ED6-9797-39B16817EBD9}.Ad-Hoc|iPhoneSimulator.ActiveCfg = Release|Any CPU
		{A499D4B1-0764-4ED6-9797-39B16817EBD9}.Ad-Hoc|iPhoneSimulator.Build.0 = Release|Any CPU
		{A499D4B1-0764-4ED6-9797-39B16817EBD9}.Ad-Hoc|iPhoneSimulator.Deploy.0 = Release|Any CPU
		{A499D4B1-0764-4ED6-9797-39B16817EBD9}.AppStore|Any CPU.ActiveCfg = Release|Any CPU
		{A499D4B1-0764-4ED6-9797-39B16817EBD9}.AppStore|Any CPU.Build.0 = Release|Any CPU
		{A499D4B1-0764-4ED6-9797-39B16817EBD9}.AppStore|Any CPU.Deploy.0 = Release|Any CPU
		{A499D4B1-0764-4ED6-9797-39B16817EBD9}.AppStore|iPhone.ActiveCfg = Release|Any CPU
		{A499D4B1-0764-4ED6-9797-39B16817EBD9}.AppStore|iPhone.Build.0 = Release|Any CPU
		{A499D4B1-0764-4ED6-9797-39B16817EBD9}.AppStore|iPhone.Deploy.0 = Release|Any CPU
		{A499D4B1-0764-4ED6-9797-39B16817EBD9}.AppStore|iPhoneSimulator.ActiveCfg = Release|Any CPU
		{A499D4B1-0764-4ED6-9797-39B16817EBD9}.AppStore|iPhoneSimulator.Build.0 = Release|Any CPU
		{A499D4B1-0764-4ED6-9797-39B16817EBD9}.AppStore|iPhoneSimulator.Deploy.0 = Release|Any CPU
		{A499D4B1-0764-4ED6-9797-39B16817EBD9}.Debug|Any CPU.ActiveCfg = Debug|Any CPU
		{A499D4B1-0764-4ED6-9797-39B16817EBD9}.Debug|Any CPU.Build.0 = Debug|Any CPU
		{A499D4B1-0764-4ED6-9797-39B16817EBD9}.Debug|Any CPU.Deploy.0 = Debug|Any CPU
		{A499D4B1-0764-4ED6-9797-39B16817EBD9}.Debug|iPhone.ActiveCfg = Debug|Any CPU
		{A499D4B1-0764-4ED6-9797-39B16817EBD9}.Debug|iPhone.Build.0 = Debug|Any CPU
		{A499D4B1-0764-4ED6-9797-39B16817EBD9}.Debug|iPhone.Deploy.0 = Debug|Any CPU
		{A499D4B1-0764-4ED6-9797-39B16817EBD9}.Debug|iPhoneSimulator.ActiveCfg = Debug|Any CPU
		{A499D4B1-0764-4ED6-9797-39B16817EBD9}.Debug|iPhoneSimulator.Build.0 = Debug|Any CPU
		{A499D4B1-0764-4ED6-9797-39B16817EBD9}.Debug|iPhoneSimulator.Deploy.0 = Debug|Any CPU
		{A499D4B1-0764-4ED6-9797-39B16817EBD9}.Release|Any CPU.ActiveCfg = Release|Any CPU
		{A499D4B1-0764-4ED6-9797-39B16817EBD9}.Release|Any CPU.Build.0 = Release|Any CPU
		{A499D4B1-0764-4ED6-9797-39B16817EBD9}.Release|Any CPU.Deploy.0 = Release|Any CPU
		{A499D4B1-0764-4ED6-9797-39B16817EBD9}.Release|iPhone.ActiveCfg = Release|Any CPU
		{A499D4B1-0764-4ED6-9797-39B16817EBD9}.Release|iPhone.Build.0 = Release|Any CPU
		{A499D4B1-0764-4ED6-9797-39B16817EBD9}.Release|iPhone.Deploy.0 = Release|Any CPU
		{A499D4B1-0764-4ED6-9797-39B16817EBD9}.Release|iPhoneSimulator.ActiveCfg = Release|Any CPU
		{A499D4B1-0764-4ED6-9797-39B16817EBD9}.Release|iPhoneSimulator.Build.0 = Release|Any CPU
		{A499D4B1-0764-4ED6-9797-39B16817EBD9}.Release|iPhoneSimulator.Deploy.0 = Release|Any CPU
		{3CE15BBB-AFDD-4163-84FE-5CF8BBDD8008}.Ad-Hoc|Any CPU.ActiveCfg = Ad-Hoc|iPhone
		{3CE15BBB-AFDD-4163-84FE-5CF8BBDD8008}.Ad-Hoc|iPhone.ActiveCfg = Ad-Hoc|iPhone
		{3CE15BBB-AFDD-4163-84FE-5CF8BBDD8008}.Ad-Hoc|iPhone.Build.0 = Ad-Hoc|iPhone
		{3CE15BBB-AFDD-4163-84FE-5CF8BBDD8008}.Ad-Hoc|iPhoneSimulator.ActiveCfg = Ad-Hoc|iPhoneSimulator
		{3CE15BBB-AFDD-4163-84FE-5CF8BBDD8008}.Ad-Hoc|iPhoneSimulator.Build.0 = Ad-Hoc|iPhoneSimulator
		{3CE15BBB-AFDD-4163-84FE-5CF8BBDD8008}.AppStore|Any CPU.ActiveCfg = AppStore|iPhone
		{3CE15BBB-AFDD-4163-84FE-5CF8BBDD8008}.AppStore|iPhone.ActiveCfg = AppStore|iPhone
		{3CE15BBB-AFDD-4163-84FE-5CF8BBDD8008}.AppStore|iPhone.Build.0 = AppStore|iPhone
		{3CE15BBB-AFDD-4163-84FE-5CF8BBDD8008}.AppStore|iPhoneSimulator.ActiveCfg = AppStore|iPhoneSimulator
		{3CE15BBB-AFDD-4163-84FE-5CF8BBDD8008}.AppStore|iPhoneSimulator.Build.0 = AppStore|iPhoneSimulator
		{3CE15BBB-AFDD-4163-84FE-5CF8BBDD8008}.Debug|Any CPU.ActiveCfg = Debug|iPhone
		{3CE15BBB-AFDD-4163-84FE-5CF8BBDD8008}.Debug|iPhone.ActiveCfg = Debug|iPhone
		{3CE15BBB-AFDD-4163-84FE-5CF8BBDD8008}.Debug|iPhone.Build.0 = Debug|iPhone
		{3CE15BBB-AFDD-4163-84FE-5CF8BBDD8008}.Debug|iPhoneSimulator.ActiveCfg = Debug|iPhoneSimulator
		{3CE15BBB-AFDD-4163-84FE-5CF8BBDD8008}.Debug|iPhoneSimulator.Build.0 = Debug|iPhoneSimulator
		{3CE15BBB-AFDD-4163-84FE-5CF8BBDD8008}.Release|Any CPU.ActiveCfg = Release|iPhone
		{3CE15BBB-AFDD-4163-84FE-5CF8BBDD8008}.Release|iPhone.ActiveCfg = Release|iPhone
		{3CE15BBB-AFDD-4163-84FE-5CF8BBDD8008}.Release|iPhone.Build.0 = Release|iPhone
		{3CE15BBB-AFDD-4163-84FE-5CF8BBDD8008}.Release|iPhoneSimulator.ActiveCfg = Release|iPhoneSimulator
		{3CE15BBB-AFDD-4163-84FE-5CF8BBDD8008}.Release|iPhoneSimulator.Build.0 = Release|iPhoneSimulator
		{AB655E78-8730-4C9C-A7F8-D01D1BBC487C}.Ad-Hoc|Any CPU.ActiveCfg = Release|Any CPU
		{AB655E78-8730-4C9C-A7F8-D01D1BBC487C}.Ad-Hoc|Any CPU.Build.0 = Release|Any CPU
		{AB655E78-8730-4C9C-A7F8-D01D1BBC487C}.Ad-Hoc|Any CPU.Deploy.0 = Release|Any CPU
		{AB655E78-8730-4C9C-A7F8-D01D1BBC487C}.Ad-Hoc|iPhone.ActiveCfg = Release|Any CPU
		{AB655E78-8730-4C9C-A7F8-D01D1BBC487C}.Ad-Hoc|iPhone.Build.0 = Release|Any CPU
		{AB655E78-8730-4C9C-A7F8-D01D1BBC487C}.Ad-Hoc|iPhone.Deploy.0 = Release|Any CPU
		{AB655E78-8730-4C9C-A7F8-D01D1BBC487C}.Ad-Hoc|iPhoneSimulator.ActiveCfg = Release|Any CPU
		{AB655E78-8730-4C9C-A7F8-D01D1BBC487C}.Ad-Hoc|iPhoneSimulator.Build.0 = Release|Any CPU
		{AB655E78-8730-4C9C-A7F8-D01D1BBC487C}.Ad-Hoc|iPhoneSimulator.Deploy.0 = Release|Any CPU
		{AB655E78-8730-4C9C-A7F8-D01D1BBC487C}.AppStore|Any CPU.ActiveCfg = Release|Any CPU
		{AB655E78-8730-4C9C-A7F8-D01D1BBC487C}.AppStore|Any CPU.Build.0 = Release|Any CPU
		{AB655E78-8730-4C9C-A7F8-D01D1BBC487C}.AppStore|Any CPU.Deploy.0 = Release|Any CPU
		{AB655E78-8730-4C9C-A7F8-D01D1BBC487C}.AppStore|iPhone.ActiveCfg = Release|Any CPU
		{AB655E78-8730-4C9C-A7F8-D01D1BBC487C}.AppStore|iPhone.Build.0 = Release|Any CPU
		{AB655E78-8730-4C9C-A7F8-D01D1BBC487C}.AppStore|iPhone.Deploy.0 = Release|Any CPU
		{AB655E78-8730-4C9C-A7F8-D01D1BBC487C}.AppStore|iPhoneSimulator.ActiveCfg = Release|Any CPU
		{AB655E78-8730-4C9C-A7F8-D01D1BBC487C}.AppStore|iPhoneSimulator.Build.0 = Release|Any CPU
		{AB655E78-8730-4C9C-A7F8-D01D1BBC487C}.AppStore|iPhoneSimulator.Deploy.0 = Release|Any CPU
		{AB655E78-8730-4C9C-A7F8-D01D1BBC487C}.Debug|Any CPU.ActiveCfg = Debug|Any CPU
		{AB655E78-8730-4C9C-A7F8-D01D1BBC487C}.Debug|Any CPU.Build.0 = Debug|Any CPU
		{AB655E78-8730-4C9C-A7F8-D01D1BBC487C}.Debug|Any CPU.Deploy.0 = Debug|Any CPU
		{AB655E78-8730-4C9C-A7F8-D01D1BBC487C}.Debug|iPhone.ActiveCfg = Debug|Any CPU
		{AB655E78-8730-4C9C-A7F8-D01D1BBC487C}.Debug|iPhone.Build.0 = Debug|Any CPU
		{AB655E78-8730-4C9C-A7F8-D01D1BBC487C}.Debug|iPhone.Deploy.0 = Debug|Any CPU
		{AB655E78-8730-4C9C-A7F8-D01D1BBC487C}.Debug|iPhoneSimulator.ActiveCfg = Debug|Any CPU
		{AB655E78-8730-4C9C-A7F8-D01D1BBC487C}.Debug|iPhoneSimulator.Build.0 = Debug|Any CPU
		{AB655E78-8730-4C9C-A7F8-D01D1BBC487C}.Debug|iPhoneSimulator.Deploy.0 = Debug|Any CPU
		{AB655E78-8730-4C9C-A7F8-D01D1BBC487C}.Release|Any CPU.ActiveCfg = Release|Any CPU
		{AB655E78-8730-4C9C-A7F8-D01D1BBC487C}.Release|Any CPU.Build.0 = Release|Any CPU
		{AB655E78-8730-4C9C-A7F8-D01D1BBC487C}.Release|Any CPU.Deploy.0 = Release|Any CPU
		{AB655E78-8730-4C9C-A7F8-D01D1BBC487C}.Release|iPhone.ActiveCfg = Release|Any CPU
		{AB655E78-8730-4C9C-A7F8-D01D1BBC487C}.Release|iPhone.Build.0 = Release|Any CPU
		{AB655E78-8730-4C9C-A7F8-D01D1BBC487C}.Release|iPhone.Deploy.0 = Release|Any CPU
		{AB655E78-8730-4C9C-A7F8-D01D1BBC487C}.Release|iPhoneSimulator.ActiveCfg = Release|Any CPU
		{AB655E78-8730-4C9C-A7F8-D01D1BBC487C}.Release|iPhoneSimulator.Build.0 = Release|Any CPU
		{AB655E78-8730-4C9C-A7F8-D01D1BBC487C}.Release|iPhoneSimulator.Deploy.0 = Release|Any CPU
	EndGlobalSection
	GlobalSection(SolutionProperties) = preSolution
		HideSolutionNode = FALSE
	EndGlobalSection
EndGlobal
